
Microsoft Visual Studio Solution File, Format Version 12.00
# Visual Studio 15
VisualStudioVersion = 15.0.26430.12
MinimumVisualStudioVersion = 10.0.40219.1
Project("{FAE04EC0-301F-11D3-BF4B-00C04F79EFBC}") = "a12206149-CON", "a12206149-CON\a12206149-CON.csproj", "{041B7EF2-6292-4FAD-8856-E7C76305A8D0}"
EndProject
Project("{FAE04EC0-301F-11D3-BF4B-00C04F79EFBC}") = "a12206149-ENT", "a12206149-ENT\a12206149-ENT.csproj", "{7D228C1D-4006-410F-AD28-5E3A196DBAAB}"
EndProject
Project("{FAE04EC0-301F-11D3-BF4B-00C04F79EFBC}") = "a12206149-PER", "a12206149-PER\a12206149-PER.csproj", "{CD75ED80-A360-4B58-AE55-629A61B761AE}"
EndProject
Global
	GlobalSection(SolutionConfigurationPlatforms) = preSolution
		Debug|Any CPU = Debug|Any CPU
		Release|Any CPU = Release|Any CPU
	EndGlobalSection
	GlobalSection(ProjectConfigurationPlatforms) = postSolution
		{041B7EF2-6292-4FAD-8856-E7C76305A8D0}.Debug|Any CPU.ActiveCfg = Debug|Any CPU
		{041B7EF2-6292-4FAD-8856-E7C76305A8D0}.Debug|Any CPU.Build.0 = Debug|Any CPU
		{041B7EF2-6292-4FAD-8856-E7C76305A8D0}.Release|Any CPU.ActiveCfg = Release|Any CPU
		{041B7EF2-6292-4FAD-8856-E7C76305A8D0}.Release|Any CPU.Build.0 = Release|Any CPU
		{7D228C1D-4006-410F-AD28-5E3A196DBAAB}.Debug|Any CPU.ActiveCfg = Debug|Any CPU
		{7D228C1D-4006-410F-AD28-5E3A196DBAAB}.Debug|Any CPU.Build.0 = Debug|Any CPU
		{7D228C1D-4006-410F-AD28-5E3A196DBAAB}.Release|Any CPU.ActiveCfg = Release|Any CPU
		{7D228C1D-4006-410F-AD28-5E3A196DBAAB}.Release|Any CPU.Build.0 = Release|Any CPU
		{CD75ED80-A360-4B58-AE55-629A61B761AE}.Debug|Any CPU.ActiveCfg = Debug|Any CPU
		{CD75ED80-A360-4B58-AE55-629A61B761AE}.Debug|Any CPU.Build.0 = Debug|Any CPU
		{CD75ED80-A360-4B58-AE55-629A61B761AE}.Release|Any CPU.ActiveCfg = Release|Any CPU
		{CD75ED80-A360-4B58-AE55-629A61B761AE}.Release|Any CPU.Build.0 = Release|Any CPU
	EndGlobalSection
	GlobalSection(SolutionProperties) = preSolution
		HideSolutionNode = FALSE
	EndGlobalSection
EndGlobal
